
Microsoft Visual Studio Solution File, Format Version 12.00
# Visual Studio Version 16
VisualStudioVersion = 16.0.29806.167
MinimumVisualStudioVersion = 10.0.40219.1
Project("{8BC9CEB8-8B4A-11D0-8D11-00A0C91BC942}") = "Project1", "Project1\Project1.vcxproj", "{CD460211-62E9-4F9D-8941-5E562B744C07}"
EndProject
Global
	GlobalSection(SolutionConfigurationPlatforms) = preSolution
		Debug|x64 = Debug|x64
		Debug|x86 = Debug|x86
		Release|x64 = Release|x64
		Release|x86 = Release|x86
	EndGlobalSection
	GlobalSection(ProjectConfigurationPlatforms) = postSolution
		{CD460211-62E9-4F9D-8941-5E562B744C07}.Debug|x64.ActiveCfg = Debug|x64
		{CD460211-62E9-4F9D-8941-5E562B744C07}.Debug|x64.Build.0 = Debug|x64
		{CD460211-62E9-4F9D-8941-5E562B744C07}.Debug|x86.ActiveCfg = Debug|Win32
		{CD460211-62E9-4F9D-8941-5E562B744C07}.Debug|x86.Build.0 = Debug|Win32
		{CD460211-62E9-4F9D-8941-5E562B744C07}.Release|x64.ActiveCfg = Release|x64
		{CD460211-62E9-4F9D-8941-5E562B744C07}.Release|x64.Build.0 = Release|x64
		{CD460211-62E9-4F9D-8941-5E562B744C07}.Release|x86.ActiveCfg = Release|Win32
		{CD460211-62E9-4F9D-8941-5E562B744C07}.Release|x86.Build.0 = Release|Win32
	EndGlobalSection
	GlobalSection(SolutionProperties) = preSolution
		HideSolutionNode = FALSE
	EndGlobalSection
	GlobalSection(ExtensibilityGlobals) = postSolution
		SolutionGuid = {0C9B1DFC-6A3B-4AA7-8D25-A665E3C84A15}
	EndGlobalSection
EndGlobal
